
Microsoft Visual Studio Solution File, Format Version 12.00
# Visual Studio Version 17
VisualStudioVersion = 17.4.33103.184
MinimumVisualStudioVersion = 10.0.40219.1
Project("{FAE04EC0-301F-11D3-BF4B-00C04F79EFBC}") = "Paark.Stock.Core.Domain", "Paark.Stock.Core.Domain\Paark.Stock.Core.Domain.csproj", "{C65E569C-62E2-4A5F-90DF-10010019B5F9}"
EndProject
Project("{FAE04EC0-301F-11D3-BF4B-00C04F79EFBC}") = "Paark.Stock.Core.Infra.Data", "Paark.Stock.Core.Infra.Data\Paark.Stock.Core.Infra.Data.csproj", "{C37F0181-9865-4C20-809E-DDF5F7A20C64}"
EndProject
Project("{FAE04EC0-301F-11D3-BF4B-00C04F79EFBC}") = "Paark.Stock.Core.Application", "Paark.Stock.Core.Application\Paark.Stock.Core.Application.csproj", "{C1CE48E5-4164-40EB-B03E-96CE28F4D480}"
EndProject
Project("{FAE04EC0-301F-11D3-BF4B-00C04F79EFBC}") = "Paark.Stock.Core.Infra.IoC", "Paark.Stock.Core.Infra.IoC\Paark.Stock.Core.Infra.IoC.csproj", "{C796B6C3-5664-43EE-8AB2-1E697F40BE56}"
EndProject
Project("{FAE04EC0-301F-11D3-BF4B-00C04F79EFBC}") = "Paark.Stock.Core.Api", "Paark.Stock.Core.Api\Paark.Stock.Core.Api.csproj", "{9AC030A1-1D5D-4FF2-8565-1BB7D1DFD30F}"
EndProject
Global
	GlobalSection(SolutionConfigurationPlatforms) = preSolution
		Debug|Any CPU = Debug|Any CPU
		Release|Any CPU = Release|Any CPU
	EndGlobalSection
	GlobalSection(ProjectConfigurationPlatforms) = postSolution
		{C65E569C-62E2-4A5F-90DF-10010019B5F9}.Debug|Any CPU.ActiveCfg = Debug|Any CPU
		{C65E569C-62E2-4A5F-90DF-10010019B5F9}.Debug|Any CPU.Build.0 = Debug|Any CPU
		{C65E569C-62E2-4A5F-90DF-10010019B5F9}.Release|Any CPU.ActiveCfg = Release|Any CPU
		{C65E569C-62E2-4A5F-90DF-10010019B5F9}.Release|Any CPU.Build.0 = Release|Any CPU
		{C37F0181-9865-4C20-809E-DDF5F7A20C64}.Debug|Any CPU.ActiveCfg = Debug|Any CPU
		{C37F0181-9865-4C20-809E-DDF5F7A20C64}.Debug|Any CPU.Build.0 = Debug|Any CPU
		{C37F0181-9865-4C20-809E-DDF5F7A20C64}.Release|Any CPU.ActiveCfg = Release|Any CPU
		{C37F0181-9865-4C20-809E-DDF5F7A20C64}.Release|Any CPU.Build.0 = Release|Any CPU
		{C1CE48E5-4164-40EB-B03E-96CE28F4D480}.Debug|Any CPU.ActiveCfg = Debug|Any CPU
		{C1CE48E5-4164-40EB-B03E-96CE28F4D480}.Debug|Any CPU.Build.0 = Debug|Any CPU
		{C1CE48E5-4164-40EB-B03E-96CE28F4D480}.Release|Any CPU.ActiveCfg = Release|Any CPU
		{C1CE48E5-4164-40EB-B03E-96CE28F4D480}.Release|Any CPU.Build.0 = Release|Any CPU
		{C796B6C3-5664-43EE-8AB2-1E697F40BE56}.Debug|Any CPU.ActiveCfg = Debug|Any CPU
		{C796B6C3-5664-43EE-8AB2-1E697F40BE56}.Debug|Any CPU.Build.0 = Debug|Any CPU
		{C796B6C3-5664-43EE-8AB2-1E697F40BE56}.Release|Any CPU.ActiveCfg = Release|Any CPU
		{C796B6C3-5664-43EE-8AB2-1E697F40BE56}.Release|Any CPU.Build.0 = Release|Any CPU
		{9AC030A1-1D5D-4FF2-8565-1BB7D1DFD30F}.Debug|Any CPU.ActiveCfg = Debug|Any CPU
		{9AC030A1-1D5D-4FF2-8565-1BB7D1DFD30F}.Debug|Any CPU.Build.0 = Debug|Any CPU
		{9AC030A1-1D5D-4FF2-8565-1BB7D1DFD30F}.Release|Any CPU.ActiveCfg = Release|Any CPU
		{9AC030A1-1D5D-4FF2-8565-1BB7D1DFD30F}.Release|Any CPU.Build.0 = Release|Any CPU
	EndGlobalSection
	GlobalSection(SolutionProperties) = preSolution
		HideSolutionNode = FALSE
	EndGlobalSection
	GlobalSection(ExtensibilityGlobals) = postSolution
		SolutionGuid = {DD3FC94C-45D2-440B-AF31-5452A5540204}
	EndGlobalSection
EndGlobal
